
Microsoft Visual Studio Solution File, Format Version 12.00
# Visual Studio 15
VisualStudioVersion = 15.0.28307.572
MinimumVisualStudioVersion = 10.0.40219.1
Project("{FAE04EC0-301F-11D3-BF4B-00C04F79EFBC}") = "project_WinForm", "project_WinForm\project_WinForm.csproj", "{D637B28E-3A93-4CD4-AA5E-EE899FDE0CAD}"
EndProject
Project("{FAE04EC0-301F-11D3-BF4B-00C04F79EFBC}") = "Rockyfi", "..\project_vs2017\Rockyfi.csproj", "{F7FC3DF2-02E0-4889-A806-E23F6B4921C6}"
EndProject
Global
	GlobalSection(SolutionConfigurationPlatforms) = preSolution
		Debug|Any CPU = Debug|Any CPU
		Debug|x64 = Debug|x64
		Release|Any CPU = Release|Any CPU
		Release|x64 = Release|x64
	EndGlobalSection
	GlobalSection(ProjectConfigurationPlatforms) = postSolution
		{D637B28E-3A93-4CD4-AA5E-EE899FDE0CAD}.Debug|Any CPU.ActiveCfg = Debug|Any CPU
		{D637B28E-3A93-4CD4-AA5E-EE899FDE0CAD}.Debug|Any CPU.Build.0 = Debug|Any CPU
		{D637B28E-3A93-4CD4-AA5E-EE899FDE0CAD}.Debug|x64.ActiveCfg = Debug|Any CPU
		{D637B28E-3A93-4CD4-AA5E-EE899FDE0CAD}.Debug|x64.Build.0 = Debug|Any CPU
		{D637B28E-3A93-4CD4-AA5E-EE899FDE0CAD}.Release|Any CPU.ActiveCfg = Release|Any CPU
		{D637B28E-3A93-4CD4-AA5E-EE899FDE0CAD}.Release|Any CPU.Build.0 = Release|Any CPU
		{D637B28E-3A93-4CD4-AA5E-EE899FDE0CAD}.Release|x64.ActiveCfg = Release|Any CPU
		{D637B28E-3A93-4CD4-AA5E-EE899FDE0CAD}.Release|x64.Build.0 = Release|Any CPU
		{F7FC3DF2-02E0-4889-A806-E23F6B4921C6}.Debug|Any CPU.ActiveCfg = Debug|Any CPU
		{F7FC3DF2-02E0-4889-A806-E23F6B4921C6}.Debug|Any CPU.Build.0 = Debug|Any CPU
		{F7FC3DF2-02E0-4889-A806-E23F6B4921C6}.Debug|x64.ActiveCfg = Debug|x64
		{F7FC3DF2-02E0-4889-A806-E23F6B4921C6}.Debug|x64.Build.0 = Debug|x64
		{F7FC3DF2-02E0-4889-A806-E23F6B4921C6}.Release|Any CPU.ActiveCfg = Release|Any CPU
		{F7FC3DF2-02E0-4889-A806-E23F6B4921C6}.Release|Any CPU.Build.0 = Release|Any CPU
		{F7FC3DF2-02E0-4889-A806-E23F6B4921C6}.Release|x64.ActiveCfg = Release|x64
		{F7FC3DF2-02E0-4889-A806-E23F6B4921C6}.Release|x64.Build.0 = Release|x64
	EndGlobalSection
	GlobalSection(SolutionProperties) = preSolution
		HideSolutionNode = FALSE
	EndGlobalSection
	GlobalSection(ExtensibilityGlobals) = postSolution
		SolutionGuid = {CB32FBD3-BD87-4F40-93A5-DD66FEA63F62}
	EndGlobalSection
EndGlobal
